
Microsoft Visual Studio Solution File, Format Version 12.00
# Visual Studio Version 17
VisualStudioVersion = 17.11.35208.52
MinimumVisualStudioVersion = 10.0.40219.1
Project("{FAE04EC0-301F-11D3-BF4B-00C04F79EFBC}") = "Custom Database", "Custom Database.csproj", "{7E322E29-A8EE-4129-8D73-B60914215F75}"
EndProject
Global
	GlobalSection(SolutionConfigurationPlatforms) = preSolution
		Debug|Any CPU = Debug|Any CPU
		Release|Any CPU = Release|Any CPU
	EndGlobalSection
	GlobalSection(ProjectConfigurationPlatforms) = postSolution
		{7E322E29-A8EE-4129-8D73-B60914215F75}.Debug|Any CPU.ActiveCfg = Debug|Any CPU
		{7E322E29-A8EE-4129-8D73-B60914215F75}.Debug|Any CPU.Build.0 = Debug|Any CPU
		{7E322E29-A8EE-4129-8D73-B60914215F75}.Release|Any CPU.ActiveCfg = Release|Any CPU
		{7E322E29-A8EE-4129-8D73-B60914215F75}.Release|Any CPU.Build.0 = Release|Any CPU
	EndGlobalSection
	GlobalSection(SolutionProperties) = preSolution
		HideSolutionNode = FALSE
	EndGlobalSection
	GlobalSection(ExtensibilityGlobals) = postSolution
		SolutionGuid = {16001103-2A37-42F6-9B41-A03D0FB44E9B}
	EndGlobalSection
EndGlobal
